
Microsoft Visual Studio Solution File, Format Version 12.00
# Visual Studio Version 17
VisualStudioVersion = 17.11.35219.272
MinimumVisualStudioVersion = 10.0.40219.1
Project("{9A19103F-16F7-4668-BE54-9A1E7A4F7556}") = "CarRental.Dealers", "CarRental.Dealers\CarRental.Dealers.csproj", "{59E36F26-A976-4A30-9A34-5C4D805B2364}"
EndProject
Project("{9A19103F-16F7-4668-BE54-9A1E7A4F7556}") = "CarRental.Ads", "CarRental.Ads\CarRental.Ads.csproj", "{EDDAF966-7291-4DB5-8BDE-5FE3E04F9A67}"
EndProject
Global
	GlobalSection(SolutionConfigurationPlatforms) = preSolution
		Debug|Any CPU = Debug|Any CPU
		Release|Any CPU = Release|Any CPU
	EndGlobalSection
	GlobalSection(ProjectConfigurationPlatforms) = postSolution
		{59E36F26-A976-4A30-9A34-5C4D805B2364}.Debug|Any CPU.ActiveCfg = Debug|Any CPU
		{59E36F26-A976-4A30-9A34-5C4D805B2364}.Debug|Any CPU.Build.0 = Debug|Any CPU
		{59E36F26-A976-4A30-9A34-5C4D805B2364}.Release|Any CPU.ActiveCfg = Release|Any CPU
		{59E36F26-A976-4A30-9A34-5C4D805B2364}.Release|Any CPU.Build.0 = Release|Any CPU
		{EDDAF966-7291-4DB5-8BDE-5FE3E04F9A67}.Debug|Any CPU.ActiveCfg = Debug|Any CPU
		{EDDAF966-7291-4DB5-8BDE-5FE3E04F9A67}.Debug|Any CPU.Build.0 = Debug|Any CPU
		{EDDAF966-7291-4DB5-8BDE-5FE3E04F9A67}.Release|Any CPU.ActiveCfg = Release|Any CPU
		{EDDAF966-7291-4DB5-8BDE-5FE3E04F9A67}.Release|Any CPU.Build.0 = Release|Any CPU
	EndGlobalSection
	GlobalSection(SolutionProperties) = preSolution
		HideSolutionNode = FALSE
	EndGlobalSection
	GlobalSection(ExtensibilityGlobals) = postSolution
		SolutionGuid = {DCCF8415-A05A-4E8F-94D1-0F5CDF2C10F9}
	EndGlobalSection
EndGlobal
